# This file is automatically @generated by Cargo.
# It is not intended for manual editing.
version = 4

[[package]]
name = "heck"
version = "0.3.3"
source = "registry+https://github.com/rust-lang/crates.io-index"
checksum = "6d621efb26863f0e9924c6ac577e8275e5e6b77455db64ffa6c65c904e9e132c"
dependencies = [
 "unicode-segmentation",
]

[[package]]
name = "ndiff-rs"
version = "0.1.0"
dependencies = [
 "nmap_xml_parser",
]

[[package]]
name = "nmap_xml_parser"
version = "0.3.0"
source = "registry+https://github.com/rust-lang/crates.io-index"
checksum = "233c43d4a096ff1e50ad3bc05509018c939cf93dd2be6dd4550fabf7d397d300"
dependencies = [
 "roxmltree",
 "strum",
 "strum_macros",
 "thiserror",
]

[[package]]
name = "proc-macro2"
version = "1.0.93"
source = "registry+https://github.com/rust-lang/crates.io-index"
checksum = "60946a68e5f9d28b0dc1c21bb8a97ee7d018a8b322fa57838ba31cc878e22d99"
dependencies = [
 "unicode-ident",
]

[[package]]
name = "quote"
version = "1.0.38"
source = "registry+https://github.com/rust-lang/crates.io-index"
checksum = "0e4dccaaaf89514f546c693ddc140f729f958c247918a13380cccc6078391acc"
dependencies = [
 "proc-macro2",
]

[[package]]
name = "roxmltree"
version = "0.11.0"
source = "registry+https://github.com/rust-lang/crates.io-index"
checksum = "d5001f134077069d87f77c8b9452b690df2445f7a43f1c7ca4a1af8dd505789d"
dependencies = [
 "xmlparser",
]

[[package]]
name = "strum"
version = "0.18.0"
source = "registry+https://github.com/rust-lang/crates.io-index"
checksum = "57bd81eb48f4c437cadc685403cad539345bf703d78e63707418431cecd4522b"

[[package]]
name = "strum_macros"
version = "0.18.0"
source = "registry+https://github.com/rust-lang/crates.io-index"
checksum = "87c85aa3f8ea653bfd3ddf25f7ee357ee4d204731f6aa9ad04002306f6e2774c"
dependencies = [
 "heck",
 "proc-macro2",
 "quote",
 "syn 1.0.109",
]

[[package]]
name = "syn"
version = "1.0.109"
source = "registry+https://github.com/rust-lang/crates.io-index"
checksum = "72b64191b275b66ffe2469e8af2c1cfe3bafa67b529ead792a6d0160888b4237"
dependencies = [
 "proc-macro2",
 "quote",
 "unicode-ident",
]

[[package]]
name = "syn"
version = "2.0.98"
source = "registry+https://github.com/rust-lang/crates.io-index"
checksum = "36147f1a48ae0ec2b5b3bc5b537d267457555a10dc06f3dbc8cb11ba3006d3b1"
dependencies = [
 "proc-macro2",
 "quote",
 "unicode-ident",
]

[[package]]
name = "thiserror"
version = "1.0.69"
source = "registry+https://github.com/rust-lang/crates.io-index"
checksum = "b6aaf5339b578ea85b50e080feb250a3e8ae8cfcdff9a461c9ec2904bc923f52"
dependencies = [
 "thiserror-impl",
]

[[package]]
name = "thiserror-impl"
version = "1.0.69"
source = "registry+https://github.com/rust-lang/crates.io-index"
checksum = "4fee6c4efc90059e10f81e6d42c60a18f76588c3d74cb83a0b242a2b6c7504c1"
dependencies = [
 "proc-macro2",
 "quote",
 "syn 2.0.98",
]

[[package]]
name = "unicode-ident"
version = "1.0.17"
source = "registry+https://github.com/rust-lang/crates.io-index"
checksum = "00e2473a93778eb0bad35909dff6a10d28e63f792f16ed15e404fca9d5eeedbe"

[[package]]
name = "unicode-segmentation"
version = "1.12.0"
source = "registry+https://github.com/rust-lang/crates.io-index"
checksum = "f6ccf251212114b54433ec949fd6a7841275f9ada20dddd2f29e9ceea4501493"

[[package]]
name = "xmlparser"
version = "0.13.6"
source = "registry+https://github.com/rust-lang/crates.io-index"
checksum = "66fee0b777b0f5ac1c69bb06d361268faafa61cd4682ae064a171c16c433e9e4"
